
Microsoft Visual Studio Solution File, Format Version 12.00
# Visual Studio Version 17
VisualStudioVersion = 17.4.33110.190
MinimumVisualStudioVersion = 10.0.40219.1
Project("{9A19103F-16F7-4668-BE54-9A1E7A4F7556}") = "CABlazorApp", "CABlazorApp\CABlazorApp.csproj", "{D670086C-F9ED-4FFE-A400-2308E6C08822}"
EndProject
Global
	GlobalSection(SolutionConfigurationPlatforms) = preSolution
		Debug|Any CPU = Debug|Any CPU
		Release|Any CPU = Release|Any CPU
	EndGlobalSection
	GlobalSection(ProjectConfigurationPlatforms) = postSolution
		{D670086C-F9ED-4FFE-A400-2308E6C08822}.Debug|Any CPU.ActiveCfg = Debug|Any CPU
		{D670086C-F9ED-4FFE-A400-2308E6C08822}.Debug|Any CPU.Build.0 = Debug|Any CPU
		{D670086C-F9ED-4FFE-A400-2308E6C08822}.Release|Any CPU.ActiveCfg = Release|Any CPU
		{D670086C-F9ED-4FFE-A400-2308E6C08822}.Release|Any CPU.Build.0 = Release|Any CPU
	EndGlobalSection
	GlobalSection(SolutionProperties) = preSolution
		HideSolutionNode = FALSE
	EndGlobalSection
	GlobalSection(ExtensibilityGlobals) = postSolution
		SolutionGuid = {606F5A11-08CF-4525-8124-FE235C048F12}
	EndGlobalSection
EndGlobal
